
Microsoft Visual Studio Solution File, Format Version 12.00
# Visual Studio Version 16
VisualStudioVersion = 16.0.29613.14
MinimumVisualStudioVersion = 10.0.40219.1
Project("{9A19103F-16F7-4668-BE54-9A1E7A4F7556}") = "Harsomtus.Models", "Harsomtus.Models\Harsomtus.Models.csproj", "{786E04A7-3929-4D18-B77D-2774F8627B0D}"
EndProject
Project("{9A19103F-16F7-4668-BE54-9A1E7A4F7556}") = "Harsomtus.TagEditor", "Harsomtus.TagEditor\Harsomtus.TagEditor.csproj", "{A85CB8FF-CC82-472B-8863-9C3185631051}"
EndProject
Project("{9A19103F-16F7-4668-BE54-9A1E7A4F7556}") = "Harsomtus.AutoSorter", "Harsomtus.AutoSorter\Harsomtus.AutoSorter.csproj", "{B5CD10E2-49D6-4EBF-A5CC-8C678762E9BD}"
EndProject
Project("{9A19103F-16F7-4668-BE54-9A1E7A4F7556}") = "Harsomtus.UI", "Harsomtus.UI\Harsomtus.UI.csproj", "{F56B59EC-2745-4451-912F-158381AA6A2C}"
EndProject
Project("{9A19103F-16F7-4668-BE54-9A1E7A4F7556}") = "Harsomtus.Tests", "Harsomtus.Tests\Harsomtus.Tests.csproj", "{1ACB3F9F-8EA9-4596-BB91-E53AB07E516E}"
EndProject
Project("{9A19103F-16F7-4668-BE54-9A1E7A4F7556}") = "Harsomtus.DAL", "Harsomtus.DataService\Harsomtus.DAL.csproj", "{1E392C56-A33E-4DBF-90A9-BE52AE8ACFD0}"
EndProject
Project("{9A19103F-16F7-4668-BE54-9A1E7A4F7556}") = "Harsomtus.Services", "Harsomtus.Services\Harsomtus.Services.csproj", "{A6E95C2B-83BF-46E1-8E89-7572C481CD68}"
EndProject
Project("{9A19103F-16F7-4668-BE54-9A1E7A4F7556}") = "Harsomtus.Implementation", "Harsomtus.Implementation\Harsomtus.Implementation.csproj", "{DB3F6B64-7ADE-4A8A-8C86-C63AE645AD24}"
EndProject
Project("{9A19103F-16F7-4668-BE54-9A1E7A4F7556}") = "Harsomtus.Constants", "Harsomtus.Constants\Harsomtus.Constants.csproj", "{1B5406C8-9878-4A1D-A3D5-EE2E991AFD09}"
EndProject
Project("{FAE04EC0-301F-11D3-BF4B-00C04F79EFBC}") = "Harsomtus.Helpers", "Harsomtus.Helpers\Harsomtus.Helpers.csproj", "{CF32A226-F19A-4F3D-90E4-5331703AA7DE}"
EndProject
Global
	GlobalSection(SolutionConfigurationPlatforms) = preSolution
		Debug|Any CPU = Debug|Any CPU
		Release|Any CPU = Release|Any CPU
	EndGlobalSection
	GlobalSection(ProjectConfigurationPlatforms) = postSolution
		{786E04A7-3929-4D18-B77D-2774F8627B0D}.Debug|Any CPU.ActiveCfg = Debug|Any CPU
		{786E04A7-3929-4D18-B77D-2774F8627B0D}.Debug|Any CPU.Build.0 = Debug|Any CPU
		{786E04A7-3929-4D18-B77D-2774F8627B0D}.Release|Any CPU.ActiveCfg = Release|Any CPU
		{786E04A7-3929-4D18-B77D-2774F8627B0D}.Release|Any CPU.Build.0 = Release|Any CPU
		{A85CB8FF-CC82-472B-8863-9C3185631051}.Debug|Any CPU.ActiveCfg = Debug|Any CPU
		{A85CB8FF-CC82-472B-8863-9C3185631051}.Debug|Any CPU.Build.0 = Debug|Any CPU
		{A85CB8FF-CC82-472B-8863-9C3185631051}.Release|Any CPU.ActiveCfg = Release|Any CPU
		{A85CB8FF-CC82-472B-8863-9C3185631051}.Release|Any CPU.Build.0 = Release|Any CPU
		{B5CD10E2-49D6-4EBF-A5CC-8C678762E9BD}.Debug|Any CPU.ActiveCfg = Debug|Any CPU
		{B5CD10E2-49D6-4EBF-A5CC-8C678762E9BD}.Debug|Any CPU.Build.0 = Debug|Any CPU
		{B5CD10E2-49D6-4EBF-A5CC-8C678762E9BD}.Release|Any CPU.ActiveCfg = Release|Any CPU
		{B5CD10E2-49D6-4EBF-A5CC-8C678762E9BD}.Release|Any CPU.Build.0 = Release|Any CPU
		{F56B59EC-2745-4451-912F-158381AA6A2C}.Debug|Any CPU.ActiveCfg = Debug|Any CPU
		{F56B59EC-2745-4451-912F-158381AA6A2C}.Debug|Any CPU.Build.0 = Debug|Any CPU
		{F56B59EC-2745-4451-912F-158381AA6A2C}.Release|Any CPU.ActiveCfg = Release|Any CPU
		{F56B59EC-2745-4451-912F-158381AA6A2C}.Release|Any CPU.Build.0 = Release|Any CPU
		{1ACB3F9F-8EA9-4596-BB91-E53AB07E516E}.Debug|Any CPU.ActiveCfg = Debug|Any CPU
		{1ACB3F9F-8EA9-4596-BB91-E53AB07E516E}.Debug|Any CPU.Build.0 = Debug|Any CPU
		{1ACB3F9F-8EA9-4596-BB91-E53AB07E516E}.Release|Any CPU.ActiveCfg = Release|Any CPU
		{1ACB3F9F-8EA9-4596-BB91-E53AB07E516E}.Release|Any CPU.Build.0 = Release|Any CPU
		{1E392C56-A33E-4DBF-90A9-BE52AE8ACFD0}.Debug|Any CPU.ActiveCfg = Debug|Any CPU
		{1E392C56-A33E-4DBF-90A9-BE52AE8ACFD0}.Debug|Any CPU.Build.0 = Debug|Any CPU
		{1E392C56-A33E-4DBF-90A9-BE52AE8ACFD0}.Release|Any CPU.ActiveCfg = Release|Any CPU
		{1E392C56-A33E-4DBF-90A9-BE52AE8ACFD0}.Release|Any CPU.Build.0 = Release|Any CPU
		{A6E95C2B-83BF-46E1-8E89-7572C481CD68}.Debug|Any CPU.ActiveCfg = Debug|Any CPU
		{A6E95C2B-83BF-46E1-8E89-7572C481CD68}.Debug|Any CPU.Build.0 = Debug|Any CPU
		{A6E95C2B-83BF-46E1-8E89-7572C481CD68}.Release|Any CPU.ActiveCfg = Release|Any CPU
		{A6E95C2B-83BF-46E1-8E89-7572C481CD68}.Release|Any CPU.Build.0 = Release|Any CPU
		{DB3F6B64-7ADE-4A8A-8C86-C63AE645AD24}.Debug|Any CPU.ActiveCfg = Debug|Any CPU
		{DB3F6B64-7ADE-4A8A-8C86-C63AE645AD24}.Debug|Any CPU.Build.0 = Debug|Any CPU
		{DB3F6B64-7ADE-4A8A-8C86-C63AE645AD24}.Release|Any CPU.ActiveCfg = Release|Any CPU
		{DB3F6B64-7ADE-4A8A-8C86-C63AE645AD24}.Release|Any CPU.Build.0 = Release|Any CPU
		{1B5406C8-9878-4A1D-A3D5-EE2E991AFD09}.Debug|Any CPU.ActiveCfg = Debug|Any CPU
		{1B5406C8-9878-4A1D-A3D5-EE2E991AFD09}.Debug|Any CPU.Build.0 = Debug|Any CPU
		{1B5406C8-9878-4A1D-A3D5-EE2E991AFD09}.Release|Any CPU.ActiveCfg = Release|Any CPU
		{1B5406C8-9878-4A1D-A3D5-EE2E991AFD09}.Release|Any CPU.Build.0 = Release|Any CPU
		{CF32A226-F19A-4F3D-90E4-5331703AA7DE}.Debug|Any CPU.ActiveCfg = Debug|Any CPU
		{CF32A226-F19A-4F3D-90E4-5331703AA7DE}.Debug|Any CPU.Build.0 = Debug|Any CPU
		{CF32A226-F19A-4F3D-90E4-5331703AA7DE}.Release|Any CPU.ActiveCfg = Release|Any CPU
		{CF32A226-F19A-4F3D-90E4-5331703AA7DE}.Release|Any CPU.Build.0 = Release|Any CPU
	EndGlobalSection
	GlobalSection(SolutionProperties) = preSolution
		HideSolutionNode = FALSE
	EndGlobalSection
	GlobalSection(ExtensibilityGlobals) = postSolution
		SolutionGuid = {2412CD42-EFCE-4DFF-9656-418EE05D2E30}
	EndGlobalSection
EndGlobal
